
Microsoft Visual Studio Solution File, Format Version 12.00
# Visual Studio 2012
Project("{E24C65DC-7377-472B-9ABA-BC803B73C61A}") = "WashFireProg", ".", "{B91936BA-D2B3-4A10-BF2B-31F57045E809}"
	ProjectSection(WebsiteProperties) = preProject
		TargetFrameworkMoniker = ".NETFramework,Version%3Dv4.5"
		Debug.AspNetCompiler.VirtualPath = "/WashFireProg"
		Debug.AspNetCompiler.PhysicalPath = "..\..\..\GitHub\WashFireProg\"
		Debug.AspNetCompiler.TargetPath = "PrecompiledWeb\WashFireProg\"
		Debug.AspNetCompiler.Updateable = "true"
		Debug.AspNetCompiler.ForceOverwrite = "true"
		Debug.AspNetCompiler.FixedNames = "false"
		Debug.AspNetCompiler.Debug = "True"
		Release.AspNetCompiler.VirtualPath = "/WashFireProg"
		Release.AspNetCompiler.PhysicalPath = "..\..\..\GitHub\WashFireProg\"
		Release.AspNetCompiler.TargetPath = "PrecompiledWeb\WashFireProg\"
		Release.AspNetCompiler.Updateable = "true"
		Release.AspNetCompiler.ForceOverwrite = "true"
		Release.AspNetCompiler.FixedNames = "false"
		Release.AspNetCompiler.Debug = "False"
		VWDPort = "36046"
	EndProjectSection
EndProject
Global
	GlobalSection(SolutionConfigurationPlatforms) = preSolution
		Debug|Any CPU = Debug|Any CPU
	EndGlobalSection
	GlobalSection(ProjectConfigurationPlatforms) = postSolution
		{B91936BA-D2B3-4A10-BF2B-31F57045E809}.Debug|Any CPU.ActiveCfg = Debug|Any CPU
		{B91936BA-D2B3-4A10-BF2B-31F57045E809}.Debug|Any CPU.Build.0 = Debug|Any CPU
	EndGlobalSection
	GlobalSection(SolutionProperties) = preSolution
		HideSolutionNode = FALSE
	EndGlobalSection
EndGlobal
